// !$*UTF8*$!
{
	archiveVersion = 1;
	classes = {
	};
	objectVersion = 46;
	objects = {

/* Begin PBXBuildFile section */
		1AADC3FD1F23945700BB73D9 /* main.m in Sources */ = {isa = PBXBuildFile; fileRef = 1AADC3FC1F23945700BB73D9 /* main.m */; };
		1AADC4001F23945700BB73D9 /* AppDelegate.m in Sources */ = {isa = PBXBuildFile; fileRef = 1AADC3FF1F23945700BB73D9 /* AppDelegate.m */; };
		1AADC4031F23945700BB73D9 /* ViewController.m in Sources */ = {isa = PBXBuildFile; fileRef = 1AADC4021F23945700BB73D9 /* ViewController.m */; };
		1AADC4061F23945700BB73D9 /* Main.storyboard in Resources */ = {isa = PBXBuildFile; fileRef = 1AADC4041F23945700BB73D9 /* Main.storyboard */; };
		1AADC4081F23945700BB73D9 /* Assets.xcassets in Resources */ = {isa = PBXBuildFile; fileRef = 1AADC4071F23945700BB73D9 /* Assets.xcassets */; };
		1AADC40B1F23945700BB73D9 /* LaunchScreen.storyboard in Resources */ = {isa = PBXBuildFile; fileRef = 1AADC4091F23945700BB73D9 /* LaunchScreen.storyboard */; };
		1AADC4161F23945700BB73D9 /* WRCrashProjectTestTests.m in Sources */ = {isa = PBXBuildFile; fileRef = 1AADC4151F23945700BB73D9 /* WRCrashProjectTestTests.m */; };
		1AADC4231F23996500BB73D9 /* NSObject+WRCrashProject.m in Sources */ = {isa = PBXBuildFile; fileRef = 1AADC4221F23996500BB73D9 /* NSObject+WRCrashProject.m */; };
		1AADC4261F239EEB00BB73D9 /* NSArray+WRCrashProject.m in Sources */ = {isa = PBXBuildFile; fileRef = 1AADC4251F239EEB00BB73D9 /* NSArray+WRCrashProject.m */; };
		1AADC4291F23A64200BB73D9 /* NSMutableArray+WRCrashProject.m in Sources */ = {isa = PBXBuildFile; fileRef = 1AADC4281F23A64200BB73D9 /* NSMutableArray+WRCrashProject.m */; };
/* End PBXBuildFile section */

/* Begin PBXContainerItemProxy section */
		1AADC4121F23945700BB73D9 /* PBXContainerItemProxy */ = {
			isa = PBXContainerItemProxy;
			containerPortal = 1AADC3F01F23945700BB73D9 /* Project object */;
			proxyType = 1;
			remoteGlobalIDString = 1AADC3F71F23945700BB73D9;
			remoteInfo = WRCrashProjectTest;
		};
/* End PBXContainerItemProxy section */

/* Begin PBXFileReference section */
		1AADC3F81F23945700BB73D9 /* WRCrashProjectTest.app */ = {isa = PBXFileReference; explicitFileType = wrapper.application; includeInIndex = 0; path = WRCrashProjectTest.app; sourceTree = BUILT_PRODUCTS_DIR; };
		1AADC3FC1F23945700BB73D9 /* main.m */ = {isa = PBXFileReference; lastKnownFileType = sourcecode.c.objc; path = main.m; sourceTree = "<group>"; };
		1AADC3FE1F23945700BB73D9 /* AppDelegate.h */ = {isa = PBXFileReference; lastKnownFileType = sourcecode.c.h; path = AppDelegate.h; sourceTree = "<group>"; };
		1AADC3FF1F23945700BB73D9 /* AppDelegate.m */ = {isa = PBXFileReference; lastKnownFileType = sourcecode.c.objc; path = AppDelegate.m; sourceTree = "<group>"; };
		1AADC4011F23945700BB73D9 /* ViewController.h */ = {isa = PBXFileReference; lastKnownFileType = sourcecode.c.h; path = ViewController.h; sourceTree = "<group>"; };
		1AADC4021F23945700BB73D9 /* ViewController.m */ = {isa = PBXFileReference; lastKnownFileType = sourcecode.c.objc; path = ViewController.m; sourceTree = "<group>"; };
		1AADC4051F23945700BB73D9 /* Base */ = {isa = PBXFileReference; lastKnownFileType = file.storyboard; name = Base; path = Base.lproj/Main.storyboard; sourceTree = "<group>"; };
		1AADC4071F23945700BB73D9 /* Assets.xcassets */ = {isa = PBXFileReference; lastKnownFileType = folder.assetcatalog; path = Assets.xcassets; sourceTree = "<group>"; };
		1AADC40A1F23945700BB73D9 /* Base */ = {isa = PBXFileReference; lastKnownFileType = file.storyboard; name = Base; path = Base.lproj/LaunchScreen.storyboard; sourceTree = "<group>"; };
		1AADC40C1F23945700BB73D9 /* Info.plist */ = {isa = PBXFileReference; lastKnownFileType = text.plist.xml; path = Info.plist; sourceTree = "<group>"; };
		1AADC4111F23945700BB73D9 /* WRCrashProjectTestTests.xctest */ = {isa = PBXFileReference; explicitFileType = wrapper.cfbundle; includeInIndex = 0; path = WRCrashProjectTestTests.xctest; sourceTree = BUILT_PRODUCTS_DIR; };
		1AADC4151F23945700BB73D9 /* WRCrashProjectTestTests.m */ = {isa = PBXFileReference; lastKnownFileType = sourcecode.c.objc; path = WRCrashProjectTestTests.m; sourceTree = "<group>"; };
		1AADC4171F23945700BB73D9 /* Info.plist */ = {isa = PBXFileReference; lastKnownFileType = text.plist.xml; path = Info.plist; sourceTree = "<group>"; };
		1AADC4211F23996500BB73D9 /* NSObject+WRCrashProject.h */ = {isa = PBXFileReference; fileEncoding = 4; lastKnownFileType = sourcecode.c.h; path = "NSObject+WRCrashProject.h"; sourceTree = "<group>"; };
		1AADC4221F23996500BB73D9 /* NSObject+WRCrashProject.m */ = {isa = PBXFileReference; fileEncoding = 4; lastKnownFileType = sourcecode.c.objc; path = "NSObject+WRCrashProject.m"; sourceTree = "<group>"; };
		1AADC4251F239EEB00BB73D9 /* NSArray+WRCrashProject.m */ = {isa = PBXFileReference; fileEncoding = 4; lastKnownFileType = sourcecode.c.objc; path = "NSArray+WRCrashProject.m"; sourceTree = "<group>"; };
		1AADC4281F23A64200BB73D9 /* NSMutableArray+WRCrashProject.m */ = {isa = PBXFileReference; fileEncoding = 4; lastKnownFileType = sourcecode.c.objc; path = "NSMutableArray+WRCrashProject.m"; sourceTree = "<group>"; };
/* End PBXFileReference section */

/* Begin PBXFrameworksBuildPhase section */
		1AADC3F51F23945700BB73D9 /* Frameworks */ = {
			isa = PBXFrameworksBuildPhase;
			buildActionMask = 2147483647;
			files = (
			);
			runOnlyForDeploymentPostprocessing = 0;
		};
		1AADC40E1F23945700BB73D9 /* Frameworks */ = {
			isa = PBXFrameworksBuildPhase;
			buildActionMask = 2147483647;
			files = (
			);
			runOnlyForDeploymentPostprocessing = 0;
		};
/* End PBXFrameworksBuildPhase section */

/* Begin PBXGroup section */
		1AADC3EF1F23945700BB73D9 = {
			isa = PBXGroup;
			children = (
				1AADC3FA1F23945700BB73D9 /* WRCrashProjectTest */,
				1AADC4141F23945700BB73D9 /* WRCrashProjectTestTests */,
				1AADC3F91F23945700BB73D9 /* Products */,
			);
			sourceTree = "<group>";
		};
		1AADC3F91F23945700BB73D9 /* Products */ = {
			isa = PBXGroup;
			children = (
				1AADC3F81F23945700BB73D9 /* WRCrashProjectTest.app */,
				1AADC4111F23945700BB73D9 /* WRCrashProjectTestTests.xctest */,
			);
			name = Products;
			sourceTree = "<group>";
		};
		1AADC3FA1F23945700BB73D9 /* WRCrashProjectTest */ = {
			isa = PBXGroup;
			children = (
				1AADC4201F2394EF00BB73D9 /* WRCrashProject */,
				1AADC3FE1F23945700BB73D9 /* AppDelegate.h */,
				1AADC3FF1F23945700BB73D9 /* AppDelegate.m */,
				1AADC4011F23945700BB73D9 /* ViewController.h */,
				1AADC4021F23945700BB73D9 /* ViewController.m */,
				1AADC4041F23945700BB73D9 /* Main.storyboard */,
				1AADC4071F23945700BB73D9 /* Assets.xcassets */,
				1AADC4091F23945700BB73D9 /* LaunchScreen.storyboard */,
				1AADC40C1F23945700BB73D9 /* Info.plist */,
				1AADC3FB1F23945700BB73D9 /* Supporting Files */,
			);
			path = WRCrashProjectTest;
			sourceTree = "<group>";
		};
		1AADC3FB1F23945700BB73D9 /* Supporting Files */ = {
			isa = PBXGroup;
			children = (
				1AADC3FC1F23945700BB73D9 /* main.m */,
			);
			name = "Supporting Files";
			sourceTree = "<group>";
		};
		1AADC4141F23945700BB73D9 /* WRCrashProjectTestTests */ = {
			isa = PBXGroup;
			children = (
				1AADC4151F23945700BB73D9 /* WRCrashProjectTestTests.m */,
				1AADC4171F23945700BB73D9 /* Info.plist */,
			);
			path = WRCrashProjectTestTests;
			sourceTree = "<group>";
		};
		1AADC4201F2394EF00BB73D9 /* WRCrashProject */ = {
			isa = PBXGroup;
			children = (
				1AADC4211F23996500BB73D9 /* NSObject+WRCrashProject.h */,
				1AADC4221F23996500BB73D9 /* NSObject+WRCrashProject.m */,
				1AADC4251F239EEB00BB73D9 /* NSArray+WRCrashProject.m */,
				1AADC4281F23A64200BB73D9 /* NSMutableArray+WRCrashProject.m */,
			);
			path = WRCrashProject;
			sourceTree = "<group>";
		};
/* End PBXGroup section */

/* Begin PBXNativeTarget section */
		1AADC3F71F23945700BB73D9 /* WRCrashProjectTest */ = {
			isa = PBXNativeTarget;
			buildConfigurationList = 1AADC41A1F23945700BB73D9 /* Build configuration list for PBXNativeTarget "WRCrashProjectTest" */;
			buildPhases = (
				1AADC3F41F23945700BB73D9 /* Sources */,
				1AADC3F51F23945700BB73D9 /* Frameworks */,
				1AADC3F61F23945700BB73D9 /* Resources */,
			);
			buildRules = (
			);
			dependencies = (
			);
			name = WRCrashProjectTest;
			productName = WRCrashProjectTest;
			productReference = 1AADC3F81F23945700BB73D9 /* WRCrashProjectTest.app */;
			productType = "com.apple.product-type.application";
		};
		1AADC4101F23945700BB73D9 /* WRCrashProjectTestTests */ = {
			isa = PBXNativeTarget;
			buildConfigurationList = 1AADC41D1F23945700BB73D9 /* Build configuration list for PBXNativeTarget "WRCrashProjectTestTests" */;
			buildPhases = (
				1AADC40D1F23945700BB73D9 /* Sources */,
				1AADC40E1F23945700BB73D9 /* Frameworks */,
				1AADC40F1F23945700BB73D9 /* Resources */,
			);
			buildRules = (
			);
			dependencies = (
				1AADC4131F23945700BB73D9 /* PBXTargetDependency */,
			);
			name = WRCrashProjectTestTests;
			productName = WRCrashProjectTestTests;
			productReference = 1AADC4111F23945700BB73D9 /* WRCrashProjectTestTests.xctest */;
			productType = "com.apple.product-type.bundle.unit-test";
		};
/* End PBXNativeTarget section */

/* Begin PBXProject section */
		1AADC3F01F23945700BB73D9 /* Project object */ = {
			isa = PBXProject;
			attributes = {
				LastUpgradeCheck = 0830;
				ORGANIZATIONNAME = wangrui;
				TargetAttributes = {
					1AADC3F71F23945700BB73D9 = {
						CreatedOnToolsVersion = 8.3.3;
						DevelopmentTeam = 652U6LDTX4;
						ProvisioningStyle = Automatic;
					};
					1AADC4101F23945700BB73D9 = {
						CreatedOnToolsVersion = 8.3.3;
						DevelopmentTeam = 652U6LDTX4;
						ProvisioningStyle = Automatic;
						TestTargetID = 1AADC3F71F23945700BB73D9;
					};
				};
			};
			buildConfigurationList = 1AADC3F31F23945700BB73D9 /* Build configuration list for PBXProject "WRCrashProjectTest" */;
			compatibilityVersion = "Xcode 3.2";
			developmentRegion = English;
			hasScannedForEncodings = 0;
			knownRegions = (
				en,
				Base,
			);
			mainGroup = 1AADC3EF1F23945700BB73D9;
			productRefGroup = 1AADC3F91F23945700BB73D9 /* Products */;
			projectDirPath = "";
			projectRoot = "";
			targets = (
				1AADC3F71F23945700BB73D9 /* WRCrashProjectTest */,
				1AADC4101F23945700BB73D9 /* WRCrashProjectTestTests */,
			);
		};
/* End PBXProject section */

/* Begin PBXResourcesBuildPhase section */
		1AADC3F61F23945700BB73D9 /* Resources */ = {
			isa = PBXResourcesBuildPhase;
			buildActionMask = 2147483647;
			files = (
				1AADC40B1F23945700BB73D9 /* LaunchScreen.storyboard in Resources */,
				1AADC4081F23945700BB73D9 /* Assets.xcassets in Resources */,
				1AADC4061F23945700BB73D9 /* Main.storyboard in Resources */,
			);
			runOnlyForDeploymentPostprocessing = 0;
		};
		1AADC40F1F23945700BB73D9 /* Resources */ = {
			isa = PBXResourcesBuildPhase;
			buildActionMask = 2147483647;
			files = (
			);
			runOnlyForDeploymentPostprocessing = 0;
		};
/* End PBXResourcesBuildPhase section */

/* Begin PBXSourcesBuildPhase section */
		1AADC3F41F23945700BB73D9 /* Sources */ = {
			isa = PBXSourcesBuildPhase;
			buildActionMask = 2147483647;
			files = (
				1AADC4291F23A64200BB73D9 /* NSMutableArray+WRCrashProject.m in Sources */,
				1AADC4261F239EEB00BB73D9 /* NSArray+WRCrashProject.m in Sources */,
				1AADC4231F23996500BB73D9 /* NSObject+WRCrashProject.m in Sources */,
				1AADC4031F23945700BB73D9 /* ViewController.m in Sources */,
				1AADC4001F23945700BB73D9 /* AppDelegate.m in Sources */,
				1AADC3FD1F23945700BB73D9 /* main.m in Sources */,
			);
			runOnlyForDeploymentPostprocessing = 0;
		};
		1AADC40D1F23945700BB73D9 /* Sources */ = {
			isa = PBXSourcesBuildPhase;
			buildActionMask = 2147483647;
			files = (
				1AADC4161F23945700BB73D9 /* WRCrashProjectTestTests.m in Sources */,
			);
			runOnlyForDeploymentPostprocessing = 0;
		};
/* End PBXSourcesBuildPhase section */

/* Begin PBXTargetDependency section */
		1AADC4131F23945700BB73D9 /* PBXTargetDependency */ = {
			isa = PBXTargetDependency;
			target = 1AADC3F71F23945700BB73D9 /* WRCrashProjectTest */;
			targetProxy = 1AADC4121F23945700BB73D9 /* PBXContainerItemProxy */;
		};
/* End PBXTargetDependency section */

/* Begin PBXVariantGroup section */
		1AADC4041F23945700BB73D9 /* Main.storyboard */ = {
			isa = PBXVariantGroup;
			children = (
				1AADC4051F23945700BB73D9 /* Base */,
			);
			name = Main.storyboard;
			sourceTree = "<group>";
		};
		1AADC4091F23945700BB73D9 /* LaunchScreen.storyboard */ = {
			isa = PBXVariantGroup;
			children = (
				1AADC40A1F23945700BB73D9 /* Base */,
			);
			name = LaunchScreen.storyboard;
			sourceTree = "<group>";
		};
/* End PBXVariantGroup section */

/* Begin XCBuildConfiguration section */
		1AADC4181F23945700BB73D9 /* Debug */ = {
			isa = XCBuildConfiguration;
			buildSettings = {
				ALWAYS_SEARCH_USER_PATHS = NO;
				CLANG_ANALYZER_NONNULL = YES;
				CLANG_ANALYZER_NUMBER_OBJECT_CONVERSION = YES_AGGRESSIVE;
				CLANG_CXX_LANGUAGE_STANDARD = "gnu++0x";
				CLANG_CXX_LIBRARY = "libc++";
				CLANG_ENABLE_MODULES = YES;
				CLANG_ENABLE_OBJC_ARC = YES;
				CLANG_WARN_BOOL_CONVERSION = YES;
				CLANG_WARN_CONSTANT_CONVERSION = YES;
				CLANG_WARN_DIRECT_OBJC_ISA_USAGE = YES_ERROR;
				CLANG_WARN_DOCUMENTATION_COMMENTS = YES;
				CLANG_WARN_EMPTY_BODY = YES;
				CLANG_WARN_ENUM_CONVERSION = YES;
				CLANG_WARN_INFINITE_RECURSION = YES;
				CLANG_WARN_INT_CONVERSION = YES;
				CLANG_WARN_OBJC_ROOT_CLASS = YES_ERROR;
				CLANG_WARN_SUSPICIOUS_MOVE = YES;
				CLANG_WARN_UNREACHABLE_CODE = YES;
				CLANG_WARN__DUPLICATE_METHOD_MATCH = YES;
				"CODE_SIGN_IDENTITY[sdk=iphoneos*]" = "iPhone Developer";
				COPY_PHASE_STRIP = NO;
				DEBUG_INFORMATION_FORMAT = dwarf;
				ENABLE_STRICT_OBJC_MSGSEND = YES;
				ENABLE_TESTABILITY = YES;
				GCC_C_LANGUAGE_STANDARD = gnu99;
				GCC_DYNAMIC_NO_PIC = NO;
				GCC_NO_COMMON_BLOCKS = YES;
				GCC_OPTIMIZATION_LEVEL = 0;
				GCC_PREPROCESSOR_DEFINITIONS = (
					"DEBUG=1",
					"$(inherited)",
				);
				GCC_WARN_64_TO_32_BIT_CONVERSION = YES;
				GCC_WARN_ABOUT_RETURN_TYPE = YES_ERROR;
				GCC_WARN_UNDECLARED_SELECTOR = YES;
				GCC_WARN_UNINITIALIZED_AUTOS = YES_AGGRESSIVE;
				GCC_WARN_UNUSED_FUNCTION = YES;
				GCC_WARN_UNUSED_VARIABLE = YES;
				IPHONEOS_DEPLOYMENT_TARGET = 10.3;
				MTL_ENABLE_DEBUG_INFO = YES;
				ONLY_ACTIVE_ARCH = YES;
				SDKROOT = iphoneos;
				TARGETED_DEVICE_FAMILY = "1,2";
			};
			name = Debug;
		};
		1AADC4191F23945700BB73D9 /* Release */ = {
			isa = XCBuildConfiguration;
			buildSettings = {
				ALWAYS_SEARCH_USER_PATHS = NO;
				CLANG_ANALYZER_NONNULL = YES;
				CLANG_ANALYZER_NUMBER_OBJECT_CONVERSION = YES_AGGRESSIVE;
				CLANG_CXX_LANGUAGE_STANDARD = "gnu++0x";
				CLANG_CXX_LIBRARY = "libc++";
				CLANG_ENABLE_MODULES = YES;
				CLANG_ENABLE_OBJC_ARC = YES;
				CLANG_WARN_BOOL_CONVERSION = YES;
				CLANG_WARN_CONSTANT_CONVERSION = YES;
				CLANG_WARN_DIRECT_OBJC_ISA_USAGE = YES_ERROR;
				CLANG_WARN_DOCUMENTATION_COMMENTS = YES;
				CLANG_WARN_EMPTY_BODY = YES;
				CLANG_WARN_ENUM_CONVERSION = YES;
				CLANG_WARN_INFINITE_RECURSION = YES;
				CLANG_WARN_INT_CONVERSION = YES;
				CLANG_WARN_OBJC_ROOT_CLASS = YES_ERROR;
				CLANG_WARN_SUSPICIOUS_MOVE = YES;
				CLANG_WARN_UNREACHABLE_CODE = YES;
				CLANG_WARN__DUPLICATE_METHOD_MATCH = YES;
				"CODE_SIGN_IDENTITY[sdk=iphoneos*]" = "iPhone Developer";
				COPY_PHASE_STRIP = NO;
				DEBUG_INFORMATION_FORMAT = "dwarf-with-dsym";
				ENABLE_NS_ASSERTIONS = NO;
				ENABLE_STRICT_OBJC_MSGSEND = YES;
				GCC_C_LANGUAGE_STANDARD = gnu99;
				GCC_NO_COMMON_BLOCKS = YES;
				GCC_WARN_64_TO_32_BIT_CONVERSION = YES;
				GCC_WARN_ABOUT_RETURN_TYPE = YES_ERROR;
				GCC_WARN_UNDECLARED_SELECTOR = YES;
				GCC_WARN_UNINITIALIZED_AUTOS = YES_AGGRESSIVE;
				GCC_WARN_UNUSED_FUNCTION = YES;
				GCC_WARN_UNUSED_VARIABLE = YES;
				IPHONEOS_DEPLOYMENT_TARGET = 10.3;
				MTL_ENABLE_DEBUG_INFO = NO;
				SDKROOT = iphoneos;
				TARGETED_DEVICE_FAMILY = "1,2";
				VALIDATE_PRODUCT = YES;
			};
			name = Release;
		};
		1AADC41B1F23945700BB73D9 /* Debug */ = {
			isa = XCBuildConfiguration;
			buildSettings = {
				ASSETCATALOG_COMPILER_APPICON_NAME = AppIcon;
				DEVELOPMENT_TEAM = 652U6LDTX4;
				INFOPLIST_FILE = WRCrashProjectTest/Info.plist;
				IPHONEOS_DEPLOYMENT_TARGET = 7.0;
				LD_RUNPATH_SEARCH_PATHS = "$(inherited) @executable_path/Frameworks";
				PRODUCT_BUNDLE_IDENTIFIER = video.wangrui.com;
				PRODUCT_NAME = "$(TARGET_NAME)";
			};
			name = Debug;
		};
		1AADC41C1F23945700BB73D9 /* Release */ = {
			isa = XCBuildConfiguration;
			buildSettings = {
				ASSETCATALOG_COMPILER_APPICON_NAME = AppIcon;
				DEVELOPMENT_TEAM = 652U6LDTX4;
				INFOPLIST_FILE = WRCrashProjectTest/Info.plist;
				IPHONEOS_DEPLOYMENT_TARGET = 7.0;
				LD_RUNPATH_SEARCH_PATHS = "$(inherited) @executable_path/Frameworks";
				PRODUCT_BUNDLE_IDENTIFIER = video.wangrui.com;
				PRODUCT_NAME = "$(TARGET_NAME)";
			};
			name = Release;
		};
		1AADC41E1F23945700BB73D9 /* Debug */ = {
			isa = XCBuildConfiguration;
			buildSettings = {
				BUNDLE_LOADER = "$(TEST_HOST)";
				DEVELOPMENT_TEAM = 652U6LDTX4;
				INFOPLIST_FILE = WRCrashProjectTestTests/Info.plist;
				LD_RUNPATH_SEARCH_PATHS = "$(inherited) @executable_path/Frameworks @loader_path/Frameworks";
				PRODUCT_BUNDLE_IDENTIFIER = video.wangrui.com.WRCrashProjectTestTests;
				PRODUCT_NAME = "$(TARGET_NAME)";
				TEST_HOST = "$(BUILT_PRODUCTS_DIR)/WRCrashProjectTest.app/WRCrashProjectTest";
			};
			name = Debug;
		};
		1AADC41F1F23945700BB73D9 /* Release */ = {
			isa = XCBuildConfiguration;
			buildSettings = {
				BUNDLE_LOADER = "$(TEST_HOST)";
				DEVELOPMENT_TEAM = 652U6LDTX4;
				INFOPLIST_FILE = WRCrashProjectTestTests/Info.plist;
				LD_RUNPATH_SEARCH_PATHS = "$(inherited) @executable_path/Frameworks @loader_path/Frameworks";
				PRODUCT_BUNDLE_IDENTIFIER = video.wangrui.com.WRCrashProjectTestTests;
				PRODUCT_NAME = "$(TARGET_NAME)";
				TEST_HOST = "$(BUILT_PRODUCTS_DIR)/WRCrashProjectTest.app/WRCrashProjectTest";
			};
			name = Release;
		};
/* End XCBuildConfiguration section */

/* Begin XCConfigurationList section */
		1AADC3F31F23945700BB73D9 /* Build configuration list for PBXProject "WRCrashProjectTest" */ = {
			isa = XCConfigurationList;
			buildConfigurations = (
				1AADC4181F23945700BB73D9 /* Debug */,
				1AADC4191F23945700BB73D9 /* Release */,
			);
			defaultConfigurationIsVisible = 0;
			defaultConfigurationName = Release;
		};
		1AADC41A1F23945700BB73D9 /* Build configuration list for PBXNativeTarget "WRCrashProjectTest" */ = {
			isa = XCConfigurationList;
			buildConfigurations = (
				1AADC41B1F23945700BB73D9 /* Debug */,
				1AADC41C1F23945700BB73D9 /* Release */,
			);
			defaultConfigurationIsVisible = 0;
			defaultConfigurationName = Release;
		};
		1AADC41D1F23945700BB73D9 /* Build configuration list for PBXNativeTarget "WRCrashProjectTestTests" */ = {
			isa = XCConfigurationList;
			buildConfigurations = (
				1AADC41E1F23945700BB73D9 /* Debug */,
				1AADC41F1F23945700BB73D9 /* Release */,
			);
			defaultConfigurationIsVisible = 0;
			defaultConfigurationName = Release;
		};
/* End XCConfigurationList section */
	};
	rootObject = 1AADC3F01F23945700BB73D9 /* Project object */;
}
